
Microsoft Visual Studio Solution File, Format Version 12.00
# Visual Studio Version 16
VisualStudioVersion = 16.0.30204.135
MinimumVisualStudioVersion = 10.0.40219.1
Project("{FAE04EC0-301F-11D3-BF4B-00C04F79EFBC}") = "CampRealEstate", "CampRealEstate\CampRealEstate.csproj", "{B9468F8E-B67C-4EB8-9658-1A23106F4A1C}"
EndProject
Global
	GlobalSection(SolutionConfigurationPlatforms) = preSolution
		Debug|Any CPU = Debug|Any CPU
		Release|Any CPU = Release|Any CPU
	EndGlobalSection
	GlobalSection(ProjectConfigurationPlatforms) = postSolution
		{B9468F8E-B67C-4EB8-9658-1A23106F4A1C}.Debug|Any CPU.ActiveCfg = Debug|Any CPU
		{B9468F8E-B67C-4EB8-9658-1A23106F4A1C}.Debug|Any CPU.Build.0 = Debug|Any CPU
		{B9468F8E-B67C-4EB8-9658-1A23106F4A1C}.Release|Any CPU.ActiveCfg = Release|Any CPU
		{B9468F8E-B67C-4EB8-9658-1A23106F4A1C}.Release|Any CPU.Build.0 = Release|Any CPU
	EndGlobalSection
	GlobalSection(SolutionProperties) = preSolution
		HideSolutionNode = FALSE
	EndGlobalSection
	GlobalSection(ExtensibilityGlobals) = postSolution
		SolutionGuid = {45FBC9B3-CA99-4C0C-99CD-F526F477CAB5}
	EndGlobalSection
EndGlobal
